// !$*UTF8*$!
{
    archiveVersion = 1;
    classes = {
    };
    objectVersion = 56;
    objects = {

/* Begin PBXBuildFile section */
        100000000000000000000001 /* ZemerIOSApp.swift in Sources */ = {isa = PBXBuildFile; fileRef = 200000000000000000000001 /* ZemerIOSApp.swift */; };
        100000000000000000000002 /* Models.swift in Sources */ = {isa = PBXBuildFile; fileRef = 200000000000000000000002 /* Models.swift */; };
        100000000000000000000003 /* PipedClient.swift in Sources */ = {isa = PBXBuildFile; fileRef = 200000000000000000000003 /* PipedClient.swift */; };
        100000000000000000000004 /* AudioPlayer.swift in Sources */ = {isa = PBXBuildFile; fileRef = 200000000000000000000004 /* AudioPlayer.swift */; };
        100000000000000000000005 /* ContentView.swift in Sources */ = {isa = PBXBuildFile; fileRef = 200000000000000000000005 /* ContentView.swift */; };
        100000000000000000000006 /* LibraryStore.swift in Sources */ = {isa = PBXBuildFile; fileRef = 200000000000000000000008 /* LibraryStore.swift */; };
/* End PBXBuildFile section */

/* Begin PBXFileReference section */
        200000000000000000000001 /* ZemerIOSApp.swift */ = {isa = PBXFileReference; lastKnownFileType = sourcecode.swift; path = ZemerIOSApp.swift; sourceTree = "<group>"; };
        200000000000000000000002 /* Models.swift */ = {isa = PBXFileReference; lastKnownFileType = sourcecode.swift; path = Models.swift; sourceTree = "<group>"; };
        200000000000000000000003 /* PipedClient.swift */ = {isa = PBXFileReference; lastKnownFileType = sourcecode.swift; path = PipedClient.swift; sourceTree = "<group>"; };
        200000000000000000000004 /* AudioPlayer.swift */ = {isa = PBXFileReference; lastKnownFileType = sourcecode.swift; path = AudioPlayer.swift; sourceTree = "<group>"; };
        200000000000000000000005 /* ContentView.swift */ = {isa = PBXFileReference; lastKnownFileType = sourcecode.swift; path = ContentView.swift; sourceTree = "<group>"; };
        200000000000000000000006 /* Info.plist */ = {isa = PBXFileReference; lastKnownFileType = text.plist.xml; path = Info.plist; sourceTree = "<group>"; };
        200000000000000000000007 /* Zemer.app */ = {isa = PBXFileReference; explicitFileType = wrapper.application; includeInIndex = 0; path = Zemer.app; sourceTree = BUILT_PRODUCTS_DIR; };
        200000000000000000000008 /* LibraryStore.swift */ = {isa = PBXFileReference; lastKnownFileType = sourcecode.swift; path = LibraryStore.swift; sourceTree = "<group>"; };
/* End PBXFileReference section */

/* Begin PBXFrameworksBuildPhase section */
        300000000000000000000001 /* Frameworks */ = {
            isa = PBXFrameworksBuildPhase;
            buildActionMask = 2147483647;
            files = (
            );
            runOnlyForDeploymentPostprocessing = 0;
        };
/* End PBXFrameworksBuildPhase section */

/* Begin PBXGroup section */
        400000000000000000000001 = {
            isa = PBXGroup;
            children = (
                400000000000000000000002 /* ZemerIOS */,
                400000000000000000000003 /* Products */,
            );
            sourceTree = "<group>";
        };
        400000000000000000000002 /* ZemerIOS */ = {
            isa = PBXGroup;
            children = (
                200000000000000000000001 /* ZemerIOSApp.swift */,
                200000000000000000000002 /* Models.swift */,
                200000000000000000000003 /* PipedClient.swift */,
                200000000000000000000004 /* AudioPlayer.swift */,
                200000000000000000000005 /* ContentView.swift */,
                200000000000000000000008 /* LibraryStore.swift */,
                200000000000000000000006 /* Info.plist */,
            );
            path = ZemerIOS;
            sourceTree = "<group>";
        };
        400000000000000000000003 /* Products */ = {
            isa = PBXGroup;
            children = (
                200000000000000000000007 /* Zemer.app */,
            );
            name = Products;
            sourceTree = "<group>";
        };
/* End PBXGroup section */

/* Begin PBXNativeTarget section */
        500000000000000000000001 /* Zemer */ = {
            isa = PBXNativeTarget;
            buildConfigurationList = 700000000000000000000102 /* Build configuration list for PBXNativeTarget "Zemer" */;
            buildPhases = (
                300000000000000000000002 /* Sources */,
                300000000000000000000001 /* Frameworks */,
                300000000000000000000003 /* Resources */,
            );
            buildRules = (
            );
            dependencies = (
            );
            name = Zemer;
            productName = Zemer;
            productReference = 200000000000000000000007 /* Zemer.app */;
            productType = "com.apple.product-type.application";
        };
/* End PBXNativeTarget section */

/* Begin PBXProject section */
        600000000000000000000001 /* Project object */ = {
            isa = PBXProject;
            attributes = {
                LastUpgradeCheck = 1600;
                TargetAttributes = {
                    500000000000000000000001 = {
                        CreatedOnToolsVersion = 16.0;
                    };
                };
            };
            buildConfigurationList = 700000000000000000000101 /* Build configuration list for PBXProject "ZemerIOS" */;
            compatibilityVersion = "Xcode 15.0";
            developmentRegion = en;
            hasScannedForEncodings = 0;
            knownRegions = (
                en,
                Base,
            );
            mainGroup = 400000000000000000000001;
            productRefGroup = 400000000000000000000003 /* Products */;
            projectDirPath = "";
            projectRoot = "";
            targets = (
                500000000000000000000001 /* Zemer */,
            );
        };
/* End PBXProject section */

/* Begin PBXResourcesBuildPhase section */
        300000000000000000000003 /* Resources */ = {
            isa = PBXResourcesBuildPhase;
            buildActionMask = 2147483647;
            files = (
            );
            runOnlyForDeploymentPostprocessing = 0;
        };
/* End PBXResourcesBuildPhase section */

/* Begin PBXSourcesBuildPhase section */
        300000000000000000000002 /* Sources */ = {
            isa = PBXSourcesBuildPhase;
            buildActionMask = 2147483647;
            files = (
                100000000000000000000001 /* ZemerIOSApp.swift in Sources */,
                100000000000000000000002 /* Models.swift in Sources */,
                100000000000000000000003 /* PipedClient.swift in Sources */,
                100000000000000000000004 /* AudioPlayer.swift in Sources */,
                100000000000000000000005 /* ContentView.swift in Sources */,
                100000000000000000000006 /* LibraryStore.swift in Sources */,
            );
            runOnlyForDeploymentPostprocessing = 0;
        };
/* End PBXSourcesBuildPhase section */

/* Begin XCBuildConfiguration section */
        700000000000000000000103 /* Project Debug */ = {
            isa = XCBuildConfiguration;
            buildSettings = {
                ALWAYS_SEARCH_USER_PATHS = NO;
                CLANG_ENABLE_MODULES = YES;
                CLANG_ENABLE_OBJC_ARC = YES;
                IPHONEOS_DEPLOYMENT_TARGET = 15.0;
            };
            name = Debug;
        };
        700000000000000000000104 /* Project Release */ = {
            isa = XCBuildConfiguration;
            buildSettings = {
                ALWAYS_SEARCH_USER_PATHS = NO;
                CLANG_ENABLE_MODULES = YES;
                CLANG_ENABLE_OBJC_ARC = YES;
                IPHONEOS_DEPLOYMENT_TARGET = 15.0;
            };
            name = Release;
        };
        700000000000000000000105 /* Target Debug */ = {
            isa = XCBuildConfiguration;
            buildSettings = {
                ALWAYS_SEARCH_USER_PATHS = NO;
                CLANG_ENABLE_MODULES = YES;
                CLANG_ENABLE_OBJC_ARC = YES;
                IPHONEOS_DEPLOYMENT_TARGET = 15.0;
                SDKROOT = iphoneos;
                SUPPORTED_PLATFORMS = "iphoneos iphonesimulator";
                PRODUCT_BUNDLE_IDENTIFIER = "com.zemerteam.zemer-ios";
                PRODUCT_NAME = Zemer;
                SWIFT_VERSION = 5.0;
                TARGETED_DEVICE_FAMILY = "1,2";
                INFOPLIST_FILE = ZemerIOS/Info.plist;
                CODE_SIGN_STYLE = Automatic;
            };
            name = Debug;
        };
        700000000000000000000106 /* Target Release */ = {
            isa = XCBuildConfiguration;
            buildSettings = {
                ALWAYS_SEARCH_USER_PATHS = NO;
                CLANG_ENABLE_MODULES = YES;
                CLANG_ENABLE_OBJC_ARC = YES;
                IPHONEOS_DEPLOYMENT_TARGET = 15.0;
                PRODUCT_BUNDLE_IDENTIFIER = "com.zemerteam.zemer-ios";
                PRODUCT_NAME = Zemer;
                SWIFT_VERSION = 5.0;
                TARGETED_DEVICE_FAMILY = "1,2";
                INFOPLIST_FILE = ZemerIOS/Info.plist;
                CODE_SIGN_STYLE = Automatic;
            };
            name = Release;
        };
/* End XCBuildConfiguration section */

/* Begin XCConfigurationList section */
        700000000000000000000101 /* Build configuration list for PBXProject "ZemerIOS" */ = {
            isa = XCConfigurationList;
            buildConfigurations = (
                700000000000000000000103 /* Project Debug */,
                700000000000000000000104 /* Project Release */,
            );
            defaultConfigurationIsVisible = 0;
            defaultConfigurationName = Release;
        };
        700000000000000000000102 /* Build configuration list for PBXNativeTarget "Zemer" */ = {
            isa = XCConfigurationList;
            buildConfigurations = (
                700000000000000000000105 /* Target Debug */,
                700000000000000000000106 /* Target Release */,
            );
            defaultConfigurationIsVisible = 0;
            defaultConfigurationName = Release;
        };
/* End XCConfigurationList section */

    };
    rootObject = 600000000000000000000001 /* Project object */;
}
